
Microsoft Visual Studio Solution File, Format Version 12.00
# Visual Studio Version 17
VisualStudioVersion = 17.12.35527.113
MinimumVisualStudioVersion = 10.0.40219.1
Project("{FAE04EC0-301F-11D3-BF4B-00C04F79EFBC}") = "mspm0_bsp_generator", "mspm0_bsp_generator.csproj", "{15E6F90C-BA34-4924-94B3-FEF5DD64C19E}"
EndProject
Project("{FAE04EC0-301F-11D3-BF4B-00C04F79EFBC}") = "LinkerScriptGenerator", "..\..\..\libraries\LinkerScriptGenerator\LinkerScriptGenerator.csproj", "{46E1D77E-E294-4A9A-964E-7139CD6C4A90}"
EndProject
Project("{FAE04EC0-301F-11D3-BF4B-00C04F79EFBC}") = "BSPGenerationTools", "..\..\..\libraries\BSPGenerationTools\BSPGenerationTools.csproj", "{9FE2706C-E100-4EF2-8498-C25C7FF3B122}"
EndProject
Global
	GlobalSection(SolutionConfigurationPlatforms) = preSolution
		Debug|Any CPU = Debug|Any CPU
		Release|Any CPU = Release|Any CPU
	EndGlobalSection
	GlobalSection(ProjectConfigurationPlatforms) = postSolution
		{15E6F90C-BA34-4924-94B3-FEF5DD64C19E}.Debug|Any CPU.ActiveCfg = Debug|Any CPU
		{15E6F90C-BA34-4924-94B3-FEF5DD64C19E}.Debug|Any CPU.Build.0 = Debug|Any CPU
		{15E6F90C-BA34-4924-94B3-FEF5DD64C19E}.Release|Any CPU.ActiveCfg = Release|Any CPU
		{15E6F90C-BA34-4924-94B3-FEF5DD64C19E}.Release|Any CPU.Build.0 = Release|Any CPU
		{46E1D77E-E294-4A9A-964E-7139CD6C4A90}.Debug|Any CPU.ActiveCfg = Debug|Any CPU
		{46E1D77E-E294-4A9A-964E-7139CD6C4A90}.Debug|Any CPU.Build.0 = Debug|Any CPU
		{46E1D77E-E294-4A9A-964E-7139CD6C4A90}.Release|Any CPU.ActiveCfg = Release|Any CPU
		{46E1D77E-E294-4A9A-964E-7139CD6C4A90}.Release|Any CPU.Build.0 = Release|Any CPU
		{9FE2706C-E100-4EF2-8498-C25C7FF3B122}.Debug|Any CPU.ActiveCfg = Debug|Any CPU
		{9FE2706C-E100-4EF2-8498-C25C7FF3B122}.Debug|Any CPU.Build.0 = Debug|Any CPU
		{9FE2706C-E100-4EF2-8498-C25C7FF3B122}.Release|Any CPU.ActiveCfg = Release|Any CPU
		{9FE2706C-E100-4EF2-8498-C25C7FF3B122}.Release|Any CPU.Build.0 = Release|Any CPU
	EndGlobalSection
	GlobalSection(SolutionProperties) = preSolution
		HideSolutionNode = FALSE
	EndGlobalSection
EndGlobal
