
Microsoft Visual Studio Solution File, Format Version 12.00
# Visual Studio 15
VisualStudioVersion = 15.0.26730.3
MinimumVisualStudioVersion = 10.0.40219.1
Project("{FAE04EC0-301F-11D3-BF4B-00C04F79EFBC}") = "KeilProjectImporter", "KeilProjectImporter.csproj", "{DD05758D-69CE-465F-9306-A0AA6767033C}"
EndProject
Global
	GlobalSection(SolutionConfigurationPlatforms) = preSolution
		Debug|Any CPU = Debug|Any CPU
		Release|Any CPU = Release|Any CPU
	EndGlobalSection
	GlobalSection(ProjectConfigurationPlatforms) = postSolution
		{DD05758D-69CE-465F-9306-A0AA6767033C}.Debug|Any CPU.ActiveCfg = Debug|Any CPU
		{DD05758D-69CE-465F-9306-A0AA6767033C}.Debug|Any CPU.Build.0 = Debug|Any CPU
		{DD05758D-69CE-465F-9306-A0AA6767033C}.Release|Any CPU.ActiveCfg = Release|Any CPU
		{DD05758D-69CE-465F-9306-A0AA6767033C}.Release|Any CPU.Build.0 = Release|Any CPU
	EndGlobalSection
	GlobalSection(SolutionProperties) = preSolution
		HideSolutionNode = FALSE
	EndGlobalSection
	GlobalSection(ExtensibilityGlobals) = postSolution
		SolutionGuid = {F7120705-69F9-4F65-8AE4-AFAC84CA16C0}
	EndGlobalSection
EndGlobal
