
Microsoft Visual Studio Solution File, Format Version 12.00
# Visual Studio Version 16
VisualStudioVersion = 16.0.31605.320
MinimumVisualStudioVersion = 10.0.40219.1
Project("{FAE04EC0-301F-11D3-BF4B-00C04F79EFBC}") = "pic32_bsp_generator", "pic32_bsp_generator.csproj", "{4357ECD5-A1EB-475D-9992-1ED4C39B6817}"
EndProject
Project("{FAE04EC0-301F-11D3-BF4B-00C04F79EFBC}") = "BSPGenerationTools", "..\..\..\libraries\BSPGenerationTools\BSPGenerationTools.csproj", "{9FE2706C-E100-4EF2-8498-C25C7FF3B122}"
EndProject
Global
	GlobalSection(SolutionConfigurationPlatforms) = preSolution
		Debug|Any CPU = Debug|Any CPU
		Release|Any CPU = Release|Any CPU
	EndGlobalSection
	GlobalSection(ProjectConfigurationPlatforms) = postSolution
		{4357ECD5-A1EB-475D-9992-1ED4C39B6817}.Debug|Any CPU.ActiveCfg = Debug|Any CPU
		{4357ECD5-A1EB-475D-9992-1ED4C39B6817}.Debug|Any CPU.Build.0 = Debug|Any CPU
		{4357ECD5-A1EB-475D-9992-1ED4C39B6817}.Release|Any CPU.ActiveCfg = Release|Any CPU
		{4357ECD5-A1EB-475D-9992-1ED4C39B6817}.Release|Any CPU.Build.0 = Release|Any CPU
		{9FE2706C-E100-4EF2-8498-C25C7FF3B122}.Debug|Any CPU.ActiveCfg = Debug|Any CPU
		{9FE2706C-E100-4EF2-8498-C25C7FF3B122}.Debug|Any CPU.Build.0 = Debug|Any CPU
		{9FE2706C-E100-4EF2-8498-C25C7FF3B122}.Release|Any CPU.ActiveCfg = Release|Any CPU
		{9FE2706C-E100-4EF2-8498-C25C7FF3B122}.Release|Any CPU.Build.0 = Release|Any CPU
	EndGlobalSection
	GlobalSection(SolutionProperties) = preSolution
		HideSolutionNode = FALSE
	EndGlobalSection
	GlobalSection(ExtensibilityGlobals) = postSolution
		SolutionGuid = {230D69E9-F2F9-4386-996C-FE58145260D0}
	EndGlobalSection
EndGlobal
