
Microsoft Visual Studio Solution File, Format Version 12.00
# Visual Studio 15
VisualStudioVersion = 15.0.25914.0
MinimumVisualStudioVersion = 10.0.40219.1
Project("{FAE04EC0-301F-11D3-BF4B-00C04F79EFBC}") = "KSDK2xImporter", "KSDK2xImporter.csproj", "{1E035726-9830-4D04-BB90-869C92B2D7CD}"
EndProject
Global
	GlobalSection(SolutionConfigurationPlatforms) = preSolution
		Debug|Any CPU = Debug|Any CPU
		Release|Any CPU = Release|Any CPU
	EndGlobalSection
	GlobalSection(ProjectConfigurationPlatforms) = postSolution
		{1E035726-9830-4D04-BB90-869C92B2D7CD}.Debug|Any CPU.ActiveCfg = Debug|Any CPU
		{1E035726-9830-4D04-BB90-869C92B2D7CD}.Debug|Any CPU.Build.0 = Debug|Any CPU
		{1E035726-9830-4D04-BB90-869C92B2D7CD}.Release|Any CPU.ActiveCfg = Release|Any CPU
		{1E035726-9830-4D04-BB90-869C92B2D7CD}.Release|Any CPU.Build.0 = Release|Any CPU
	EndGlobalSection
	GlobalSection(SolutionProperties) = preSolution
		HideSolutionNode = FALSE
	EndGlobalSection
EndGlobal
