
Microsoft Visual Studio Solution File, Format Version 12.00
# Visual Studio Version 16
VisualStudioVersion = 16.0.29728.190
MinimumVisualStudioVersion = 10.0.40219.1
Project("{FAE04EC0-301F-11D3-BF4B-00C04F79EFBC}") = "RS14100VendorSampleParser", "RS14100VendorSampleParser.csproj", "{FD1836CA-64C8-4CF6-8094-D0ECE31A7591}"
EndProject
Project("{FAE04EC0-301F-11D3-BF4B-00C04F79EFBC}") = "BSPGenerationTools", "..\..\libraries\BSPGenerationTools\BSPGenerationTools.csproj", "{9FE2706C-E100-4EF2-8498-C25C7FF3B122}"
EndProject
Project("{FAE04EC0-301F-11D3-BF4B-00C04F79EFBC}") = "VendorSampleParserEngine", "..\..\libraries\VendorSampleParserEngine\VendorSampleParserEngine.csproj", "{62944C6C-B57E-449C-8BCC-98F22E665F5F}"
EndProject
Project("{FAE04EC0-301F-11D3-BF4B-00C04F79EFBC}") = "StandaloneBSPValidator", "..\..\StandaloneBSPValidator\StandaloneBSPValidator.csproj", "{ADD117B0-6AC5-4E07-BA8B-8FDF35BDF421}"
EndProject
Project("{FAE04EC0-301F-11D3-BF4B-00C04F79EFBC}") = "LinkerScriptGenerator", "..\..\libraries\LinkerScriptGenerator\LinkerScriptGenerator.csproj", "{46E1D77E-E294-4A9A-964E-7139CD6C4A90}"
EndProject
Global
	GlobalSection(SolutionConfigurationPlatforms) = preSolution
		Debug|Any CPU = Debug|Any CPU
		Debug|x86 = Debug|x86
		Release|Any CPU = Release|Any CPU
		Release|x86 = Release|x86
	EndGlobalSection
	GlobalSection(ProjectConfigurationPlatforms) = postSolution
		{FD1836CA-64C8-4CF6-8094-D0ECE31A7591}.Debug|Any CPU.ActiveCfg = Debug|Any CPU
		{FD1836CA-64C8-4CF6-8094-D0ECE31A7591}.Debug|Any CPU.Build.0 = Debug|Any CPU
		{FD1836CA-64C8-4CF6-8094-D0ECE31A7591}.Debug|x86.ActiveCfg = Debug|Any CPU
		{FD1836CA-64C8-4CF6-8094-D0ECE31A7591}.Debug|x86.Build.0 = Debug|Any CPU
		{FD1836CA-64C8-4CF6-8094-D0ECE31A7591}.Release|Any CPU.ActiveCfg = Release|Any CPU
		{FD1836CA-64C8-4CF6-8094-D0ECE31A7591}.Release|Any CPU.Build.0 = Release|Any CPU
		{FD1836CA-64C8-4CF6-8094-D0ECE31A7591}.Release|x86.ActiveCfg = Release|Any CPU
		{FD1836CA-64C8-4CF6-8094-D0ECE31A7591}.Release|x86.Build.0 = Release|Any CPU
		{9FE2706C-E100-4EF2-8498-C25C7FF3B122}.Debug|Any CPU.ActiveCfg = Debug|Any CPU
		{9FE2706C-E100-4EF2-8498-C25C7FF3B122}.Debug|Any CPU.Build.0 = Debug|Any CPU
		{9FE2706C-E100-4EF2-8498-C25C7FF3B122}.Debug|x86.ActiveCfg = Debug|Any CPU
		{9FE2706C-E100-4EF2-8498-C25C7FF3B122}.Debug|x86.Build.0 = Debug|Any CPU
		{9FE2706C-E100-4EF2-8498-C25C7FF3B122}.Release|Any CPU.ActiveCfg = Release|Any CPU
		{9FE2706C-E100-4EF2-8498-C25C7FF3B122}.Release|Any CPU.Build.0 = Release|Any CPU
		{9FE2706C-E100-4EF2-8498-C25C7FF3B122}.Release|x86.ActiveCfg = Release|Any CPU
		{9FE2706C-E100-4EF2-8498-C25C7FF3B122}.Release|x86.Build.0 = Release|Any CPU
		{62944C6C-B57E-449C-8BCC-98F22E665F5F}.Debug|Any CPU.ActiveCfg = Debug|Any CPU
		{62944C6C-B57E-449C-8BCC-98F22E665F5F}.Debug|Any CPU.Build.0 = Debug|Any CPU
		{62944C6C-B57E-449C-8BCC-98F22E665F5F}.Debug|x86.ActiveCfg = Debug|Any CPU
		{62944C6C-B57E-449C-8BCC-98F22E665F5F}.Debug|x86.Build.0 = Debug|Any CPU
		{62944C6C-B57E-449C-8BCC-98F22E665F5F}.Release|Any CPU.ActiveCfg = Release|Any CPU
		{62944C6C-B57E-449C-8BCC-98F22E665F5F}.Release|Any CPU.Build.0 = Release|Any CPU
		{62944C6C-B57E-449C-8BCC-98F22E665F5F}.Release|x86.ActiveCfg = Release|Any CPU
		{62944C6C-B57E-449C-8BCC-98F22E665F5F}.Release|x86.Build.0 = Release|Any CPU
		{ADD117B0-6AC5-4E07-BA8B-8FDF35BDF421}.Debug|Any CPU.ActiveCfg = Debug|Any CPU
		{ADD117B0-6AC5-4E07-BA8B-8FDF35BDF421}.Debug|Any CPU.Build.0 = Debug|Any CPU
		{ADD117B0-6AC5-4E07-BA8B-8FDF35BDF421}.Debug|x86.ActiveCfg = Debug|Any CPU
		{ADD117B0-6AC5-4E07-BA8B-8FDF35BDF421}.Debug|x86.Build.0 = Debug|Any CPU
		{ADD117B0-6AC5-4E07-BA8B-8FDF35BDF421}.Release|Any CPU.ActiveCfg = Release|Any CPU
		{ADD117B0-6AC5-4E07-BA8B-8FDF35BDF421}.Release|Any CPU.Build.0 = Release|Any CPU
		{ADD117B0-6AC5-4E07-BA8B-8FDF35BDF421}.Release|x86.ActiveCfg = Release|Any CPU
		{ADD117B0-6AC5-4E07-BA8B-8FDF35BDF421}.Release|x86.Build.0 = Release|Any CPU
		{46E1D77E-E294-4A9A-964E-7139CD6C4A90}.Debug|Any CPU.ActiveCfg = Debug|Any CPU
		{46E1D77E-E294-4A9A-964E-7139CD6C4A90}.Debug|Any CPU.Build.0 = Debug|Any CPU
		{46E1D77E-E294-4A9A-964E-7139CD6C4A90}.Debug|x86.ActiveCfg = Debug|x86
		{46E1D77E-E294-4A9A-964E-7139CD6C4A90}.Debug|x86.Build.0 = Debug|x86
		{46E1D77E-E294-4A9A-964E-7139CD6C4A90}.Release|Any CPU.ActiveCfg = Release|Any CPU
		{46E1D77E-E294-4A9A-964E-7139CD6C4A90}.Release|Any CPU.Build.0 = Release|Any CPU
		{46E1D77E-E294-4A9A-964E-7139CD6C4A90}.Release|x86.ActiveCfg = Release|x86
		{46E1D77E-E294-4A9A-964E-7139CD6C4A90}.Release|x86.Build.0 = Release|x86
	EndGlobalSection
	GlobalSection(SolutionProperties) = preSolution
		HideSolutionNode = FALSE
	EndGlobalSection
	GlobalSection(ExtensibilityGlobals) = postSolution
		SolutionGuid = {384EB390-F61F-4342-9DD5-905BBA298614}
	EndGlobalSection
EndGlobal
