
Microsoft Visual Studio Solution File, Format Version 12.00
# Visual Studio Version 16
VisualStudioVersion = 16.0.29424.173
MinimumVisualStudioVersion = 10.0.40219.1
Project("{FAE04EC0-301F-11D3-BF4B-00C04F79EFBC}") = "msp430", "msp430.csproj", "{F40551A5-A583-44B3-822C-7044E0104757}"
EndProject
Global
	GlobalSection(SolutionConfigurationPlatforms) = preSolution
		Debug|Any CPU = Debug|Any CPU
		Release|Any CPU = Release|Any CPU
	EndGlobalSection
	GlobalSection(ProjectConfigurationPlatforms) = postSolution
		{F40551A5-A583-44B3-822C-7044E0104757}.Debug|Any CPU.ActiveCfg = Debug|Any CPU
		{F40551A5-A583-44B3-822C-7044E0104757}.Debug|Any CPU.Build.0 = Debug|Any CPU
		{F40551A5-A583-44B3-822C-7044E0104757}.Release|Any CPU.ActiveCfg = Release|Any CPU
		{F40551A5-A583-44B3-822C-7044E0104757}.Release|Any CPU.Build.0 = Release|Any CPU
	EndGlobalSection
	GlobalSection(SolutionProperties) = preSolution
		HideSolutionNode = FALSE
	EndGlobalSection
	GlobalSection(ExtensibilityGlobals) = postSolution
		SolutionGuid = {5CC78F9D-083F-498D-8304-5716FE9C54BB}
	EndGlobalSection
EndGlobal
