
Microsoft Visual Studio Solution File, Format Version 12.00
# Visual Studio 15
VisualStudioVersion = 15.0.28010.2016
MinimumVisualStudioVersion = 10.0.40219.1
Project("{FAE04EC0-301F-11D3-BF4B-00C04F79EFBC}") = "STM32VendorSampleParser", "STM32VendorSampleParser.csproj", "{30325FB9-AD04-4810-A13F-5C796486A1F8}"
EndProject
Project("{FAE04EC0-301F-11D3-BF4B-00C04F79EFBC}") = "BSPGenerationTools", "..\..\libraries\BSPGenerationTools\BSPGenerationTools.csproj", "{9FE2706C-E100-4EF2-8498-C25C7FF3B122}"
EndProject
Project("{FAE04EC0-301F-11D3-BF4B-00C04F79EFBC}") = "StandaloneBSPValidator", "..\..\StandaloneBSPValidator\StandaloneBSPValidator.csproj", "{ADD117B0-6AC5-4E07-BA8B-8FDF35BDF421}"
EndProject
Project("{FAE04EC0-301F-11D3-BF4B-00C04F79EFBC}") = "VendorSampleParserEngine", "..\..\libraries\VendorSampleParserEngine\VendorSampleParserEngine.csproj", "{62944C6C-B57E-449C-8BCC-98F22E665F5F}"
EndProject
Global
	GlobalSection(SolutionConfigurationPlatforms) = preSolution
		Debug|Any CPU = Debug|Any CPU
		Release|Any CPU = Release|Any CPU
	EndGlobalSection
	GlobalSection(ProjectConfigurationPlatforms) = postSolution
		{30325FB9-AD04-4810-A13F-5C796486A1F8}.Debug|Any CPU.ActiveCfg = Debug|Any CPU
		{30325FB9-AD04-4810-A13F-5C796486A1F8}.Debug|Any CPU.Build.0 = Debug|Any CPU
		{30325FB9-AD04-4810-A13F-5C796486A1F8}.Release|Any CPU.ActiveCfg = Release|Any CPU
		{30325FB9-AD04-4810-A13F-5C796486A1F8}.Release|Any CPU.Build.0 = Release|Any CPU
		{9FE2706C-E100-4EF2-8498-C25C7FF3B122}.Debug|Any CPU.ActiveCfg = Debug|Any CPU
		{9FE2706C-E100-4EF2-8498-C25C7FF3B122}.Debug|Any CPU.Build.0 = Debug|Any CPU
		{9FE2706C-E100-4EF2-8498-C25C7FF3B122}.Release|Any CPU.ActiveCfg = Release|Any CPU
		{9FE2706C-E100-4EF2-8498-C25C7FF3B122}.Release|Any CPU.Build.0 = Release|Any CPU
		{ADD117B0-6AC5-4E07-BA8B-8FDF35BDF421}.Debug|Any CPU.ActiveCfg = Debug|Any CPU
		{ADD117B0-6AC5-4E07-BA8B-8FDF35BDF421}.Debug|Any CPU.Build.0 = Debug|Any CPU
		{ADD117B0-6AC5-4E07-BA8B-8FDF35BDF421}.Release|Any CPU.ActiveCfg = Release|Any CPU
		{ADD117B0-6AC5-4E07-BA8B-8FDF35BDF421}.Release|Any CPU.Build.0 = Release|Any CPU
		{62944C6C-B57E-449C-8BCC-98F22E665F5F}.Debug|Any CPU.ActiveCfg = Debug|Any CPU
		{62944C6C-B57E-449C-8BCC-98F22E665F5F}.Debug|Any CPU.Build.0 = Debug|Any CPU
		{62944C6C-B57E-449C-8BCC-98F22E665F5F}.Release|Any CPU.ActiveCfg = Release|Any CPU
		{62944C6C-B57E-449C-8BCC-98F22E665F5F}.Release|Any CPU.Build.0 = Release|Any CPU
	EndGlobalSection
	GlobalSection(SolutionProperties) = preSolution
		HideSolutionNode = FALSE
	EndGlobalSection
	GlobalSection(ExtensibilityGlobals) = postSolution
		SolutionGuid = {DB425679-293C-4907-A102-B9E1CE6A6E54}
	EndGlobalSection
EndGlobal
